
Microsoft Visual Studio Solution File, Format Version 12.00
# Visual Studio Version 17
VisualStudioVersion = 17.14.37314.3
MinimumVisualStudioVersion = 10.0.40219.1
Project("{FAE04EC0-301F-11D3-BF4B-00C04F79EFBC}") = "POS.Cashier.UI", "POS.Cashier.UI\POS.Cashier.UI.csproj", "{78B7B86F-A292-A98B-EF95-00748465E855}"
EndProject
Project("{FAE04EC0-301F-11D3-BF4B-00C04F79EFBC}") = "POS.BackOffice.UI", "POS.BackOffice.UI\POS.BackOffice.UI.csproj", "{E15FD615-15F5-355C-DB21-4D1B48810BA4}"
EndProject
Project("{FAE04EC0-301F-11D3-BF4B-00C04F79EFBC}") = "POS.Core", "POS.Core\POS.Core.csproj", "{04871C49-73FD-0AFB-38AA-352C7E43ECFE}"
EndProject
Global
	GlobalSection(SolutionConfigurationPlatforms) = preSolution
		Debug|Any CPU = Debug|Any CPU
		Release|Any CPU = Release|Any CPU
	EndGlobalSection
	GlobalSection(ProjectConfigurationPlatforms) = postSolution
		{78B7B86F-A292-A98B-EF95-00748465E855}.Debug|Any CPU.ActiveCfg = Debug|Any CPU
		{78B7B86F-A292-A98B-EF95-00748465E855}.Debug|Any CPU.Build.0 = Debug|Any CPU
		{78B7B86F-A292-A98B-EF95-00748465E855}.Release|Any CPU.ActiveCfg = Release|Any CPU
		{78B7B86F-A292-A98B-EF95-00748465E855}.Release|Any CPU.Build.0 = Release|Any CPU
		{E15FD615-15F5-355C-DB21-4D1B48810BA4}.Debug|Any CPU.ActiveCfg = Debug|Any CPU
		{E15FD615-15F5-355C-DB21-4D1B48810BA4}.Debug|Any CPU.Build.0 = Debug|Any CPU
		{E15FD615-15F5-355C-DB21-4D1B48810BA4}.Release|Any CPU.ActiveCfg = Release|Any CPU
		{E15FD615-15F5-355C-DB21-4D1B48810BA4}.Release|Any CPU.Build.0 = Release|Any CPU
		{04871C49-73FD-0AFB-38AA-352C7E43ECFE}.Debug|Any CPU.ActiveCfg = Debug|Any CPU
		{04871C49-73FD-0AFB-38AA-352C7E43ECFE}.Debug|Any CPU.Build.0 = Debug|Any CPU
		{04871C49-73FD-0AFB-38AA-352C7E43ECFE}.Release|Any CPU.ActiveCfg = Release|Any CPU
		{04871C49-73FD-0AFB-38AA-352C7E43ECFE}.Release|Any CPU.Build.0 = Release|Any CPU
	EndGlobalSection
	GlobalSection(SolutionProperties) = preSolution
		HideSolutionNode = FALSE
	EndGlobalSection
	GlobalSection(ExtensibilityGlobals) = postSolution
		SolutionGuid = {2E88297E-79DA-4C70-AB4D-4A4181851180}
	EndGlobalSection
EndGlobal
